
Microsoft Visual Studio Solution File, Format Version 12.00
# Visual Studio Version 17
VisualStudioVersion = 17.9.34723.18
MinimumVisualStudioVersion = 10.0.40219.1
Project("{9A19103F-16F7-4668-BE54-9A1E7A4F7556}") = "SocialProfiles", "SocialProfiles.csproj", "{8B9FEAD4-6237-4513-843F-564388B0B64B}"
EndProject
Global
	GlobalSection(SolutionConfigurationPlatforms) = preSolution
		Debug|Any CPU = Debug|Any CPU
		Release|Any CPU = Release|Any CPU
	EndGlobalSection
	GlobalSection(ProjectConfigurationPlatforms) = postSolution
		{8B9FEAD4-6237-4513-843F-564388B0B64B}.Debug|Any CPU.ActiveCfg = Debug|Any CPU
		{8B9FEAD4-6237-4513-843F-564388B0B64B}.Debug|Any CPU.Build.0 = Debug|Any CPU
		{8B9FEAD4-6237-4513-843F-564388B0B64B}.Release|Any CPU.ActiveCfg = Release|Any CPU
		{8B9FEAD4-6237-4513-843F-564388B0B64B}.Release|Any CPU.Build.0 = Release|Any CPU
	EndGlobalSection
	GlobalSection(SolutionProperties) = preSolution
		HideSolutionNode = FALSE
	EndGlobalSection
	GlobalSection(ExtensibilityGlobals) = postSolution
		SolutionGuid = {C3DD38E5-1C5B-480F-AC53-20070F122A3C}
	EndGlobalSection
EndGlobal
